
Microsoft Visual Studio Solution File, Format Version 12.00
# Visual Studio Version 17
VisualStudioVersion = 17.9.34728.123
MinimumVisualStudioVersion = 10.0.40219.1
Project("{FAE04EC0-301F-11D3-BF4B-00C04F79EFBC}") = "Day3", "Day3.csproj", "{3EE6C9C5-C25C-4FA9-A0F9-F9312B0824BF}"
EndProject
Global
	GlobalSection(SolutionConfigurationPlatforms) = preSolution
		Debug|Any CPU = Debug|Any CPU
		Release|Any CPU = Release|Any CPU
	EndGlobalSection
	GlobalSection(ProjectConfigurationPlatforms) = postSolution
		{3EE6C9C5-C25C-4FA9-A0F9-F9312B0824BF}.Debug|Any CPU.ActiveCfg = Debug|Any CPU
		{3EE6C9C5-C25C-4FA9-A0F9-F9312B0824BF}.Debug|Any CPU.Build.0 = Debug|Any CPU
		{3EE6C9C5-C25C-4FA9-A0F9-F9312B0824BF}.Release|Any CPU.ActiveCfg = Release|Any CPU
		{3EE6C9C5-C25C-4FA9-A0F9-F9312B0824BF}.Release|Any CPU.Build.0 = Release|Any CPU
	EndGlobalSection
	GlobalSection(SolutionProperties) = preSolution
		HideSolutionNode = FALSE
	EndGlobalSection
	GlobalSection(ExtensibilityGlobals) = postSolution
		SolutionGuid = {C01BE4D3-2F82-4993-B996-350588033EB3}
	EndGlobalSection
EndGlobal
