
Microsoft Visual Studio Solution File, Format Version 12.00
# Visual Studio Version 17
VisualStudioVersion = 17.10.35013.160
MinimumVisualStudioVersion = 10.0.40219.1
Project("{9A19103F-16F7-4668-BE54-9A1E7A4F7556}") = "Instructors.Presentation", "Instructors.Presentation\Instructors.Presentation.csproj", "{E4675924-E605-4B1D-8ADE-35DCD5B1278A}"
EndProject
Project("{9A19103F-16F7-4668-BE54-9A1E7A4F7556}") = "Instructors.Business", "Instructors.Business\Instructors.Business.csproj", "{6CD8AD69-838F-4EAB-9D65-6050BE77086A}"
EndProject
Project("{9A19103F-16F7-4668-BE54-9A1E7A4F7556}") = "Instructors.DataAccess", "Instructors.DataAccess\Instructors.DataAccess.csproj", "{B2FE906F-1EC2-4338-B949-5C871752DDDB}"
EndProject
Global
	GlobalSection(SolutionConfigurationPlatforms) = preSolution
		Debug|Any CPU = Debug|Any CPU
		Release|Any CPU = Release|Any CPU
	EndGlobalSection
	GlobalSection(ProjectConfigurationPlatforms) = postSolution
		{E4675924-E605-4B1D-8ADE-35DCD5B1278A}.Debug|Any CPU.ActiveCfg = Debug|Any CPU
		{E4675924-E605-4B1D-8ADE-35DCD5B1278A}.Debug|Any CPU.Build.0 = Debug|Any CPU
		{E4675924-E605-4B1D-8ADE-35DCD5B1278A}.Release|Any CPU.ActiveCfg = Release|Any CPU
		{E4675924-E605-4B1D-8ADE-35DCD5B1278A}.Release|Any CPU.Build.0 = Release|Any CPU
		{6CD8AD69-838F-4EAB-9D65-6050BE77086A}.Debug|Any CPU.ActiveCfg = Debug|Any CPU
		{6CD8AD69-838F-4EAB-9D65-6050BE77086A}.Debug|Any CPU.Build.0 = Debug|Any CPU
		{6CD8AD69-838F-4EAB-9D65-6050BE77086A}.Release|Any CPU.ActiveCfg = Release|Any CPU
		{6CD8AD69-838F-4EAB-9D65-6050BE77086A}.Release|Any CPU.Build.0 = Release|Any CPU
		{B2FE906F-1EC2-4338-B949-5C871752DDDB}.Debug|Any CPU.ActiveCfg = Debug|Any CPU
		{B2FE906F-1EC2-4338-B949-5C871752DDDB}.Debug|Any CPU.Build.0 = Debug|Any CPU
		{B2FE906F-1EC2-4338-B949-5C871752DDDB}.Release|Any CPU.ActiveCfg = Release|Any CPU
		{B2FE906F-1EC2-4338-B949-5C871752DDDB}.Release|Any CPU.Build.0 = Release|Any CPU
	EndGlobalSection
	GlobalSection(SolutionProperties) = preSolution
		HideSolutionNode = FALSE
	EndGlobalSection
	GlobalSection(ExtensibilityGlobals) = postSolution
		SolutionGuid = {E6C0E322-4C17-4A01-ABDA-A38387955A43}
	EndGlobalSection
EndGlobal
