
Microsoft Visual Studio Solution File, Format Version 12.00
# Visual Studio Version 17
VisualStudioVersion = 17.10.35013.160
MinimumVisualStudioVersion = 10.0.40219.1
Project("{FAE04EC0-301F-11D3-BF4B-00C04F79EFBC}") = "Company Layoff System", "Company Layoff System.csproj", "{A601490C-E02A-4334-B41D-1638DACC9F6C}"
EndProject
Global
	GlobalSection(SolutionConfigurationPlatforms) = preSolution
		Debug|Any CPU = Debug|Any CPU
		Release|Any CPU = Release|Any CPU
	EndGlobalSection
	GlobalSection(ProjectConfigurationPlatforms) = postSolution
		{A601490C-E02A-4334-B41D-1638DACC9F6C}.Debug|Any CPU.ActiveCfg = Debug|Any CPU
		{A601490C-E02A-4334-B41D-1638DACC9F6C}.Debug|Any CPU.Build.0 = Debug|Any CPU
		{A601490C-E02A-4334-B41D-1638DACC9F6C}.Release|Any CPU.ActiveCfg = Release|Any CPU
		{A601490C-E02A-4334-B41D-1638DACC9F6C}.Release|Any CPU.Build.0 = Release|Any CPU
	EndGlobalSection
	GlobalSection(SolutionProperties) = preSolution
		HideSolutionNode = FALSE
	EndGlobalSection
	GlobalSection(ExtensibilityGlobals) = postSolution
		SolutionGuid = {719AADE6-FB75-4A89-964D-7A4658A4308E}
	EndGlobalSection
EndGlobal
