
Microsoft Visual Studio Solution File, Format Version 12.00
# Visual Studio Version 17
VisualStudioVersion = 17.10.35013.160
MinimumVisualStudioVersion = 10.0.40219.1
Project("{FAE04EC0-301F-11D3-BF4B-00C04F79EFBC}") = "Employee Services", "Employee Services.csproj", "{3F1FDC7D-DA6A-47B3-AB04-206A343F9549}"
EndProject
Global
	GlobalSection(SolutionConfigurationPlatforms) = preSolution
		Debug|Any CPU = Debug|Any CPU
		Release|Any CPU = Release|Any CPU
	EndGlobalSection
	GlobalSection(ProjectConfigurationPlatforms) = postSolution
		{3F1FDC7D-DA6A-47B3-AB04-206A343F9549}.Debug|Any CPU.ActiveCfg = Debug|Any CPU
		{3F1FDC7D-DA6A-47B3-AB04-206A343F9549}.Debug|Any CPU.Build.0 = Debug|Any CPU
		{3F1FDC7D-DA6A-47B3-AB04-206A343F9549}.Release|Any CPU.ActiveCfg = Release|Any CPU
		{3F1FDC7D-DA6A-47B3-AB04-206A343F9549}.Release|Any CPU.Build.0 = Release|Any CPU
	EndGlobalSection
	GlobalSection(SolutionProperties) = preSolution
		HideSolutionNode = FALSE
	EndGlobalSection
	GlobalSection(ExtensibilityGlobals) = postSolution
		SolutionGuid = {64CE1F6F-45A9-4876-92D6-A338BBD7E086}
	EndGlobalSection
EndGlobal
