
Microsoft Visual Studio Solution File, Format Version 12.00
# Visual Studio Version 17
VisualStudioVersion = 17.9.34728.123
MinimumVisualStudioVersion = 10.0.40219.1
Project("{FAE04EC0-301F-11D3-BF4B-00C04F79EFBC}") = "StudentServices", "StudentServices\StudentServices.csproj", "{AA7C3059-0822-4FFE-BDFB-6A0B0BB58337}"
EndProject
Global
	GlobalSection(SolutionConfigurationPlatforms) = preSolution
		Debug|Any CPU = Debug|Any CPU
		Release|Any CPU = Release|Any CPU
	EndGlobalSection
	GlobalSection(ProjectConfigurationPlatforms) = postSolution
		{AA7C3059-0822-4FFE-BDFB-6A0B0BB58337}.Debug|Any CPU.ActiveCfg = Debug|Any CPU
		{AA7C3059-0822-4FFE-BDFB-6A0B0BB58337}.Debug|Any CPU.Build.0 = Debug|Any CPU
		{AA7C3059-0822-4FFE-BDFB-6A0B0BB58337}.Release|Any CPU.ActiveCfg = Release|Any CPU
		{AA7C3059-0822-4FFE-BDFB-6A0B0BB58337}.Release|Any CPU.Build.0 = Release|Any CPU
	EndGlobalSection
	GlobalSection(SolutionProperties) = preSolution
		HideSolutionNode = FALSE
	EndGlobalSection
	GlobalSection(ExtensibilityGlobals) = postSolution
		SolutionGuid = {501139B2-D177-4CE7-A534-18B33F4BC88F}
	EndGlobalSection
EndGlobal
