
Microsoft Visual Studio Solution File, Format Version 12.00
# Visual Studio Version 17
VisualStudioVersion = 17.10.35013.160
MinimumVisualStudioVersion = 10.0.40219.1
Project("{FAE04EC0-301F-11D3-BF4B-00C04F79EFBC}") = "MVC_Project", "MVC_Project.csproj", "{AFD5C6F9-C749-455E-A969-C395131488D3}"
EndProject
Global
	GlobalSection(SolutionConfigurationPlatforms) = preSolution
		Debug|Any CPU = Debug|Any CPU
		Release|Any CPU = Release|Any CPU
	EndGlobalSection
	GlobalSection(ProjectConfigurationPlatforms) = postSolution
		{AFD5C6F9-C749-455E-A969-C395131488D3}.Debug|Any CPU.ActiveCfg = Debug|Any CPU
		{AFD5C6F9-C749-455E-A969-C395131488D3}.Debug|Any CPU.Build.0 = Debug|Any CPU
		{AFD5C6F9-C749-455E-A969-C395131488D3}.Release|Any CPU.ActiveCfg = Release|Any CPU
		{AFD5C6F9-C749-455E-A969-C395131488D3}.Release|Any CPU.Build.0 = Release|Any CPU
	EndGlobalSection
	GlobalSection(SolutionProperties) = preSolution
		HideSolutionNode = FALSE
	EndGlobalSection
	GlobalSection(ExtensibilityGlobals) = postSolution
		SolutionGuid = {9FAF55BF-CD29-4636-A455-33421F5CDBFE}
	EndGlobalSection
EndGlobal
